
Microsoft Visual Studio Solution File, Format Version 12.00
# Visual Studio Version 16
VisualStudioVersion = 16.0.30804.86
MinimumVisualStudioVersion = 10.0.40219.1
Project("{FAE04EC0-301F-11D3-BF4B-00C04F79EFBC}") = "Coffee", "Coffee\Coffee.csproj", "{26025876-E595-452D-A5B5-C781BF3F34DE}"
EndProject
Global
	GlobalSection(SolutionConfigurationPlatforms) = preSolution
		Debug|Any CPU = Debug|Any CPU
		Release|Any CPU = Release|Any CPU
	EndGlobalSection
	GlobalSection(ProjectConfigurationPlatforms) = postSolution
		{26025876-E595-452D-A5B5-C781BF3F34DE}.Debug|Any CPU.ActiveCfg = Debug|Any CPU
		{26025876-E595-452D-A5B5-C781BF3F34DE}.Debug|Any CPU.Build.0 = Debug|Any CPU
		{26025876-E595-452D-A5B5-C781BF3F34DE}.Release|Any CPU.ActiveCfg = Release|Any CPU
		{26025876-E595-452D-A5B5-C781BF3F34DE}.Release|Any CPU.Build.0 = Release|Any CPU
	EndGlobalSection
	GlobalSection(SolutionProperties) = preSolution
		HideSolutionNode = FALSE
	EndGlobalSection
	GlobalSection(ExtensibilityGlobals) = postSolution
		SolutionGuid = {72759AA4-EAF9-4F31-981B-B9ABB21C2FC7}
	EndGlobalSection
EndGlobal
